// !$*UTF8*$!
{
	archiveVersion = 1;
	classes = {
	};
	objectVersion = 56;
	objects = {

/* Begin PBXBuildFile section */
		50142C1B2BBD050A00791488 /* Assets.xcassets in Resources */ = {isa = PBXBuildFile; fileRef = 50142C1A2BBD050A00791488 /* Assets.xcassets */; };
		50142C1E2BBD050A00791488 /* Preview Assets.xcassets in Resources */ = {isa = PBXBuildFile; fileRef = 50142C1D2BBD050A00791488 /* Preview Assets.xcassets */; };
		50158D2D2BDEA1FA0086BF05 /* AudioPlayerFunc.swift in Sources */ = {isa = PBXBuildFile; fileRef = 50158D2C2BDEA1FA0086BF05 /* AudioPlayerFunc.swift */; };
		5016492D2BDA029F00A5EE32 /* AIProfileCell.swift in Sources */ = {isa = PBXBuildFile; fileRef = 5016492C2BDA029F00A5EE32 /* AIProfileCell.swift */; };
		5016492F2BDA168700A5EE32 /* CallPopupView.swift in Sources */ = {isa = PBXBuildFile; fileRef = 5016492E2BDA168700A5EE32 /* CallPopupView.swift */; };
		501649312BDA18CF00A5EE32 /* AIProfileDataFetcher.swift in Sources */ = {isa = PBXBuildFile; fileRef = 501649302BDA18CF00A5EE32 /* AIProfileDataFetcher.swift */; };
		501649332BDA292C00A5EE32 /* CallingView.swift in Sources */ = {isa = PBXBuildFile; fileRef = 501649322BDA292C00A5EE32 /* CallingView.swift */; };
		501649362BDA7A3800A5EE32 /* AudioRecordingFunc.swift in Sources */ = {isa = PBXBuildFile; fileRef = 501649352BDA7A3800A5EE32 /* AudioRecordingFunc.swift */; };
		50F726402BC6525B00078A6D /* OnboardingView.swift in Sources */ = {isa = PBXBuildFile; fileRef = 50F7263F2BC6525B00078A6D /* OnboardingView.swift */; };
		50F726422BC655A800078A6D /* WakieTalkieApp.swift in Sources */ = {isa = PBXBuildFile; fileRef = 50F726412BC655A800078A6D /* WakieTalkieApp.swift */; };
		50F726452BC664D700078A6D /* AlarmDataFetcher.swift in Sources */ = {isa = PBXBuildFile; fileRef = 50F726442BC664D700078A6D /* AlarmDataFetcher.swift */; };
		50F726482BC66D0400078A6D /* AddAlarmView.swift in Sources */ = {isa = PBXBuildFile; fileRef = 50F726472BC66D0400078A6D /* AddAlarmView.swift */; };
		50F7264A2BC66D7100078A6D /* CustomButtonSmall.swift in Sources */ = {isa = PBXBuildFile; fileRef = 50F726492BC66D7100078A6D /* CustomButtonSmall.swift */; };
		50F7264C2BC66D9B00078A6D /* CustomButtonCircle.swift in Sources */ = {isa = PBXBuildFile; fileRef = 50F7264B2BC66D9B00078A6D /* CustomButtonCircle.swift */; };
		50F7264E2BC676AC00078A6D /* AlarmCell.swift in Sources */ = {isa = PBXBuildFile; fileRef = 50F7264D2BC676AC00078A6D /* AlarmCell.swift */; };
		50F726522BC6BB9700078A6D /* ModifyAlarmView.swift in Sources */ = {isa = PBXBuildFile; fileRef = 50F726512BC6BB9700078A6D /* ModifyAlarmView.swift */; };
		AE9F0C2B2BC3F253007B2B1E /* UserModel.swift in Sources */ = {isa = PBXBuildFile; fileRef = AE9F0C2A2BC3F253007B2B1E /* UserModel.swift */; };
		AE9F0C2D2BC3F369007B2B1E /* AIProfileModel.swift in Sources */ = {isa = PBXBuildFile; fileRef = AE9F0C2C2BC3F369007B2B1E /* AIProfileModel.swift */; };
		AE9F0C2F2BC3F38A007B2B1E /* AlarmModel.swift in Sources */ = {isa = PBXBuildFile; fileRef = AE9F0C2E2BC3F38A007B2B1E /* AlarmModel.swift */; };
		AE9F0C312BC3F8B0007B2B1E /* CustomTextField.swift in Sources */ = {isa = PBXBuildFile; fileRef = AE9F0C302BC3F8B0007B2B1E /* CustomTextField.swift */; };
		AE9F0C332BC3F8C2007B2B1E /* CustomButtonBig.swift in Sources */ = {isa = PBXBuildFile; fileRef = AE9F0C322BC3F8C2007B2B1E /* CustomButtonBig.swift */; };
		AE9F0C352BC3F95A007B2B1E /* LoginView.swift in Sources */ = {isa = PBXBuildFile; fileRef = AE9F0C342BC3F95A007B2B1E /* LoginView.swift */; };
		AE9F0C372BC3FA31007B2B1E /* MainTabView.swift in Sources */ = {isa = PBXBuildFile; fileRef = AE9F0C362BC3FA31007B2B1E /* MainTabView.swift */; };
		AE9F0C392BC3FA48007B2B1E /* ProfileView.swift in Sources */ = {isa = PBXBuildFile; fileRef = AE9F0C382BC3FA48007B2B1E /* ProfileView.swift */; };
		AE9F0C3B2BC3FA5A007B2B1E /* AlarmView.swift in Sources */ = {isa = PBXBuildFile; fileRef = AE9F0C3A2BC3FA5A007B2B1E /* AlarmView.swift */; };
		AE9F0C3D2BC3FA6D007B2B1E /* CallView.swift in Sources */ = {isa = PBXBuildFile; fileRef = AE9F0C3C2BC3FA6D007B2B1E /* CallView.swift */; };
/* End PBXBuildFile section */

/* Begin PBXFileReference section */
		50142C132BBD050900791488 /* Wakie-Talkie.app */ = {isa = PBXFileReference; explicitFileType = wrapper.application; includeInIndex = 0; path = "Wakie-Talkie.app"; sourceTree = BUILT_PRODUCTS_DIR; };
		50142C1A2BBD050A00791488 /* Assets.xcassets */ = {isa = PBXFileReference; lastKnownFileType = folder.assetcatalog; path = Assets.xcassets; sourceTree = "<group>"; };
		50142C1D2BBD050A00791488 /* Preview Assets.xcassets */ = {isa = PBXFileReference; lastKnownFileType = folder.assetcatalog; path = "Preview Assets.xcassets"; sourceTree = "<group>"; };
		50158D2C2BDEA1FA0086BF05 /* AudioPlayerFunc.swift */ = {isa = PBXFileReference; lastKnownFileType = sourcecode.swift; path = AudioPlayerFunc.swift; sourceTree = "<group>"; };
		5016492C2BDA029F00A5EE32 /* AIProfileCell.swift */ = {isa = PBXFileReference; lastKnownFileType = sourcecode.swift; path = AIProfileCell.swift; sourceTree = "<group>"; };
		5016492E2BDA168700A5EE32 /* CallPopupView.swift */ = {isa = PBXFileReference; lastKnownFileType = sourcecode.swift; path = CallPopupView.swift; sourceTree = "<group>"; };
		501649302BDA18CF00A5EE32 /* AIProfileDataFetcher.swift */ = {isa = PBXFileReference; lastKnownFileType = sourcecode.swift; name = AIProfileDataFetcher.swift; path = "Wakie-Talkie/View/CallTabViews/AIProfileDataFetcher.swift"; sourceTree = SOURCE_ROOT; };
		501649322BDA292C00A5EE32 /* CallingView.swift */ = {isa = PBXFileReference; lastKnownFileType = sourcecode.swift; path = CallingView.swift; sourceTree = "<group>"; };
		501649352BDA7A3800A5EE32 /* AudioRecordingFunc.swift */ = {isa = PBXFileReference; lastKnownFileType = sourcecode.swift; path = AudioRecordingFunc.swift; sourceTree = "<group>"; };
		50F7263F2BC6525B00078A6D /* OnboardingView.swift */ = {isa = PBXFileReference; lastKnownFileType = sourcecode.swift; path = OnboardingView.swift; sourceTree = "<group>"; };
		50F726412BC655A800078A6D /* WakieTalkieApp.swift */ = {isa = PBXFileReference; lastKnownFileType = sourcecode.swift; path = WakieTalkieApp.swift; sourceTree = "<group>"; };
		50F726442BC664D700078A6D /* AlarmDataFetcher.swift */ = {isa = PBXFileReference; lastKnownFileType = sourcecode.swift; name = AlarmDataFetcher.swift; path = "Wakie-Talkie/AlarmDataFetcher.swift"; sourceTree = SOURCE_ROOT; };
		50F726472BC66D0400078A6D /* AddAlarmView.swift */ = {isa = PBXFileReference; lastKnownFileType = sourcecode.swift; path = AddAlarmView.swift; sourceTree = "<group>"; };
		50F726492BC66D7100078A6D /* CustomButtonSmall.swift */ = {isa = PBXFileReference; lastKnownFileType = sourcecode.swift; path = CustomButtonSmall.swift; sourceTree = "<group>"; };
		50F7264B2BC66D9B00078A6D /* CustomButtonCircle.swift */ = {isa = PBXFileReference; lastKnownFileType = sourcecode.swift; path = CustomButtonCircle.swift; sourceTree = "<group>"; };
		50F7264D2BC676AC00078A6D /* AlarmCell.swift */ = {isa = PBXFileReference; lastKnownFileType = sourcecode.swift; path = AlarmCell.swift; sourceTree = "<group>"; };
		50F726512BC6BB9700078A6D /* ModifyAlarmView.swift */ = {isa = PBXFileReference; lastKnownFileType = sourcecode.swift; path = ModifyAlarmView.swift; sourceTree = "<group>"; };
		AE9F0C2A2BC3F253007B2B1E /* UserModel.swift */ = {isa = PBXFileReference; lastKnownFileType = sourcecode.swift; path = UserModel.swift; sourceTree = "<group>"; };
		AE9F0C2C2BC3F369007B2B1E /* AIProfileModel.swift */ = {isa = PBXFileReference; lastKnownFileType = sourcecode.swift; path = AIProfileModel.swift; sourceTree = "<group>"; };
		AE9F0C2E2BC3F38A007B2B1E /* AlarmModel.swift */ = {isa = PBXFileReference; lastKnownFileType = sourcecode.swift; path = AlarmModel.swift; sourceTree = "<group>"; };
		AE9F0C302BC3F8B0007B2B1E /* CustomTextField.swift */ = {isa = PBXFileReference; lastKnownFileType = sourcecode.swift; path = CustomTextField.swift; sourceTree = "<group>"; };
		AE9F0C322BC3F8C2007B2B1E /* CustomButtonBig.swift */ = {isa = PBXFileReference; lastKnownFileType = sourcecode.swift; path = CustomButtonBig.swift; sourceTree = "<group>"; };
		AE9F0C342BC3F95A007B2B1E /* LoginView.swift */ = {isa = PBXFileReference; lastKnownFileType = sourcecode.swift; path = LoginView.swift; sourceTree = "<group>"; };
		AE9F0C362BC3FA31007B2B1E /* MainTabView.swift */ = {isa = PBXFileReference; lastKnownFileType = sourcecode.swift; path = MainTabView.swift; sourceTree = "<group>"; };
		AE9F0C382BC3FA48007B2B1E /* ProfileView.swift */ = {isa = PBXFileReference; lastKnownFileType = sourcecode.swift; path = ProfileView.swift; sourceTree = "<group>"; };
		AE9F0C3A2BC3FA5A007B2B1E /* AlarmView.swift */ = {isa = PBXFileReference; lastKnownFileType = sourcecode.swift; path = AlarmView.swift; sourceTree = "<group>"; };
		AE9F0C3C2BC3FA6D007B2B1E /* CallView.swift */ = {isa = PBXFileReference; lastKnownFileType = sourcecode.swift; path = CallView.swift; sourceTree = "<group>"; };
/* End PBXFileReference section */

/* Begin PBXFrameworksBuildPhase section */
		50142C102BBD050900791488 /* Frameworks */ = {
			isa = PBXFrameworksBuildPhase;
			buildActionMask = 2147483647;
			files = (
			);
			runOnlyForDeploymentPostprocessing = 0;
		};
/* End PBXFrameworksBuildPhase section */

/* Begin PBXGroup section */
		50142C0A2BBD050900791488 = {
			isa = PBXGroup;
			children = (
				50142C152BBD050900791488 /* Wakie-Talkie */,
				50142C142BBD050900791488 /* Products */,
			);
			sourceTree = "<group>";
		};
		50142C142BBD050900791488 /* Products */ = {
			isa = PBXGroup;
			children = (
				50142C132BBD050900791488 /* Wakie-Talkie.app */,
			);
			name = Products;
			sourceTree = "<group>";
		};
		50142C152BBD050900791488 /* Wakie-Talkie */ = {
			isa = PBXGroup;
			children = (
				AE9F0C272BC3F067007B2B1E /* Utilities */,
				AE9F0C262BC3F061007B2B1E /* Services */,
				AE9F0C252BC3F05C007B2B1E /* ViewModel */,
				AE9F0C242BC3F056007B2B1E /* View */,
				AE9F0C232BC3EFB5007B2B1E /* Model */,
				50142C1A2BBD050A00791488 /* Assets.xcassets */,
				50142C1C2BBD050A00791488 /* Preview Content */,
				50F726412BC655A800078A6D /* WakieTalkieApp.swift */,
			);
			path = "Wakie-Talkie";
			sourceTree = "<group>";
		};
		50142C1C2BBD050A00791488 /* Preview Content */ = {
			isa = PBXGroup;
			children = (
				50142C1D2BBD050A00791488 /* Preview Assets.xcassets */,
			);
			path = "Preview Content";
			sourceTree = "<group>";
		};
		5016492A2BD9FB7A00A5EE32 /* CallTabViews */ = {
			isa = PBXGroup;
			children = (
				501649342BDA7A2800A5EE32 /* Functions */,
				5016492B2BDA028200A5EE32 /* Components */,
				AE9F0C3C2BC3FA6D007B2B1E /* CallView.swift */,
				5016492E2BDA168700A5EE32 /* CallPopupView.swift */,
				501649322BDA292C00A5EE32 /* CallingView.swift */,
			);
			path = CallTabViews;
			sourceTree = "<group>";
		};
		5016492B2BDA028200A5EE32 /* Components */ = {
			isa = PBXGroup;
			children = (
				5016492C2BDA029F00A5EE32 /* AIProfileCell.swift */,
			);
			path = Components;
			sourceTree = "<group>";
		};
		501649342BDA7A2800A5EE32 /* Functions */ = {
			isa = PBXGroup;
			children = (
				501649352BDA7A3800A5EE32 /* AudioRecordingFunc.swift */,
				50158D2C2BDEA1FA0086BF05 /* AudioPlayerFunc.swift */,
			);
			path = Functions;
			sourceTree = "<group>";
		};
		50F726432BC657DC00078A6D /* AlarmTabViews */ = {
			isa = PBXGroup;
			children = (
				50F726462BC66CE400078A6D /* Components */,
				AE9F0C3A2BC3FA5A007B2B1E /* AlarmView.swift */,
				50F726472BC66D0400078A6D /* AddAlarmView.swift */,
				50F726512BC6BB9700078A6D /* ModifyAlarmView.swift */,
			);
			path = AlarmTabViews;
			sourceTree = "<group>";
		};
		50F726462BC66CE400078A6D /* Components */ = {
			isa = PBXGroup;
			children = (
				50F7264B2BC66D9B00078A6D /* CustomButtonCircle.swift */,
				50F7264D2BC676AC00078A6D /* AlarmCell.swift */,
			);
			path = Components;
			sourceTree = "<group>";
		};
		AE9F0C232BC3EFB5007B2B1E /* Model */ = {
			isa = PBXGroup;
			children = (
				AE9F0C2A2BC3F253007B2B1E /* UserModel.swift */,
				AE9F0C2C2BC3F369007B2B1E /* AIProfileModel.swift */,
				AE9F0C2E2BC3F38A007B2B1E /* AlarmModel.swift */,
			);
			path = Model;
			sourceTree = "<group>";
		};
		AE9F0C242BC3F056007B2B1E /* View */ = {
			isa = PBXGroup;
			children = (
				AE9F0C292BC3F078007B2B1E /* Components */,
				5016492A2BD9FB7A00A5EE32 /* CallTabViews */,
				50F726432BC657DC00078A6D /* AlarmTabViews */,
				AE9F0C342BC3F95A007B2B1E /* LoginView.swift */,
				AE9F0C362BC3FA31007B2B1E /* MainTabView.swift */,
				AE9F0C382BC3FA48007B2B1E /* ProfileView.swift */,
				50F7263F2BC6525B00078A6D /* OnboardingView.swift */,
			);
			path = View;
			sourceTree = "<group>";
		};
		AE9F0C252BC3F05C007B2B1E /* ViewModel */ = {
			isa = PBXGroup;
			children = (
				50F726442BC664D700078A6D /* AlarmDataFetcher.swift */,
				501649302BDA18CF00A5EE32 /* AIProfileDataFetcher.swift */,
			);
			path = ViewModel;
			sourceTree = "<group>";
		};
		AE9F0C262BC3F061007B2B1E /* Services */ = {
			isa = PBXGroup;
			children = (
				AE9F0C282BC3F06F007B2B1E /* NetworkService */,
			);
			path = Services;
			sourceTree = "<group>";
		};
		AE9F0C272BC3F067007B2B1E /* Utilities */ = {
			isa = PBXGroup;
			children = (
			);
			path = Utilities;
			sourceTree = "<group>";
		};
		AE9F0C282BC3F06F007B2B1E /* NetworkService */ = {
			isa = PBXGroup;
			children = (
			);
			path = NetworkService;
			sourceTree = "<group>";
		};
		AE9F0C292BC3F078007B2B1E /* Components */ = {
			isa = PBXGroup;
			children = (
				AE9F0C302BC3F8B0007B2B1E /* CustomTextField.swift */,
				AE9F0C322BC3F8C2007B2B1E /* CustomButtonBig.swift */,
				50F726492BC66D7100078A6D /* CustomButtonSmall.swift */,
			);
			path = Components;
			sourceTree = "<group>";
		};
/* End PBXGroup section */

/* Begin PBXNativeTarget section */
		50142C122BBD050900791488 /* Wakie-Talkie */ = {
			isa = PBXNativeTarget;
			buildConfigurationList = 50142C212BBD050A00791488 /* Build configuration list for PBXNativeTarget "Wakie-Talkie" */;
			buildPhases = (
				50142C0F2BBD050900791488 /* Sources */,
				50142C102BBD050900791488 /* Frameworks */,
				50142C112BBD050900791488 /* Resources */,
			);
			buildRules = (
			);
			dependencies = (
			);
			name = "Wakie-Talkie";
			productName = "Wakie-Talkie";
			productReference = 50142C132BBD050900791488 /* Wakie-Talkie.app */;
			productType = "com.apple.product-type.application";
		};
/* End PBXNativeTarget section */

/* Begin PBXProject section */
		50142C0B2BBD050900791488 /* Project object */ = {
			isa = PBXProject;
			attributes = {
				BuildIndependentTargetsInParallel = 1;
				LastSwiftUpdateCheck = 1520;
				LastUpgradeCheck = 1520;
				TargetAttributes = {
					50142C122BBD050900791488 = {
						CreatedOnToolsVersion = 15.2;
						LastSwiftMigration = 1530;
					};
				};
			};
			buildConfigurationList = 50142C0E2BBD050900791488 /* Build configuration list for PBXProject "Wakie-Talkie" */;
			compatibilityVersion = "Xcode 14.0";
			developmentRegion = en;
			hasScannedForEncodings = 0;
			knownRegions = (
				en,
				Base,
			);
			mainGroup = 50142C0A2BBD050900791488;
			productRefGroup = 50142C142BBD050900791488 /* Products */;
			projectDirPath = "";
			projectRoot = "";
			targets = (
				50142C122BBD050900791488 /* Wakie-Talkie */,
			);
		};
/* End PBXProject section */

/* Begin PBXResourcesBuildPhase section */
		50142C112BBD050900791488 /* Resources */ = {
			isa = PBXResourcesBuildPhase;
			buildActionMask = 2147483647;
			files = (
				50142C1E2BBD050A00791488 /* Preview Assets.xcassets in Resources */,
				50142C1B2BBD050A00791488 /* Assets.xcassets in Resources */,
			);
			runOnlyForDeploymentPostprocessing = 0;
		};
/* End PBXResourcesBuildPhase section */

/* Begin PBXSourcesBuildPhase section */
		50142C0F2BBD050900791488 /* Sources */ = {
			isa = PBXSourcesBuildPhase;
			buildActionMask = 2147483647;
			files = (
				AE9F0C392BC3FA48007B2B1E /* ProfileView.swift in Sources */,
				AE9F0C352BC3F95A007B2B1E /* LoginView.swift in Sources */,
				AE9F0C312BC3F8B0007B2B1E /* CustomTextField.swift in Sources */,
				AE9F0C2B2BC3F253007B2B1E /* UserModel.swift in Sources */,
				50F726452BC664D700078A6D /* AlarmDataFetcher.swift in Sources */,
				AE9F0C2D2BC3F369007B2B1E /* AIProfileModel.swift in Sources */,
				501649362BDA7A3800A5EE32 /* AudioRecordingFunc.swift in Sources */,
				AE9F0C372BC3FA31007B2B1E /* MainTabView.swift in Sources */,
				AE9F0C332BC3F8C2007B2B1E /* CustomButtonBig.swift in Sources */,
				50F726522BC6BB9700078A6D /* ModifyAlarmView.swift in Sources */,
				501649332BDA292C00A5EE32 /* CallingView.swift in Sources */,
				5016492F2BDA168700A5EE32 /* CallPopupView.swift in Sources */,
				50F726422BC655A800078A6D /* WakieTalkieApp.swift in Sources */,
				50F7264E2BC676AC00078A6D /* AlarmCell.swift in Sources */,
				50F7264A2BC66D7100078A6D /* CustomButtonSmall.swift in Sources */,
				AE9F0C3B2BC3FA5A007B2B1E /* AlarmView.swift in Sources */,
				5016492D2BDA029F00A5EE32 /* AIProfileCell.swift in Sources */,
				AE9F0C3D2BC3FA6D007B2B1E /* CallView.swift in Sources */,
				501649312BDA18CF00A5EE32 /* AIProfileDataFetcher.swift in Sources */,
				50158D2D2BDEA1FA0086BF05 /* AudioPlayerFunc.swift in Sources */,
				50F7264C2BC66D9B00078A6D /* CustomButtonCircle.swift in Sources */,
				AE9F0C2F2BC3F38A007B2B1E /* AlarmModel.swift in Sources */,
				50F726482BC66D0400078A6D /* AddAlarmView.swift in Sources */,
				50F726402BC6525B00078A6D /* OnboardingView.swift in Sources */,
			);
			runOnlyForDeploymentPostprocessing = 0;
		};
/* End PBXSourcesBuildPhase section */

/* Begin XCBuildConfiguration section */
		50142C1F2BBD050A00791488 /* Debug */ = {
			isa = XCBuildConfiguration;
			buildSettings = {
				ALWAYS_SEARCH_USER_PATHS = NO;
				ASSETCATALOG_COMPILER_GENERATE_SWIFT_ASSET_SYMBOL_EXTENSIONS = YES;
				CLANG_ANALYZER_NONNULL = YES;
				CLANG_ANALYZER_NUMBER_OBJECT_CONVERSION = YES_AGGRESSIVE;
				CLANG_CXX_LANGUAGE_STANDARD = "gnu++20";
				CLANG_ENABLE_MODULES = YES;
				CLANG_ENABLE_OBJC_ARC = YES;
				CLANG_ENABLE_OBJC_WEAK = YES;
				CLANG_WARN_BLOCK_CAPTURE_AUTORELEASING = YES;
				CLANG_WARN_BOOL_CONVERSION = YES;
				CLANG_WARN_COMMA = YES;
				CLANG_WARN_CONSTANT_CONVERSION = YES;
				CLANG_WARN_DEPRECATED_OBJC_IMPLEMENTATIONS = YES;
				CLANG_WARN_DIRECT_OBJC_ISA_USAGE = YES_ERROR;
				CLANG_WARN_DOCUMENTATION_COMMENTS = YES;
				CLANG_WARN_EMPTY_BODY = YES;
				CLANG_WARN_ENUM_CONVERSION = YES;
				CLANG_WARN_INFINITE_RECURSION = YES;
				CLANG_WARN_INT_CONVERSION = YES;
				CLANG_WARN_NON_LITERAL_NULL_CONVERSION = YES;
				CLANG_WARN_OBJC_IMPLICIT_RETAIN_SELF = YES;
				CLANG_WARN_OBJC_LITERAL_CONVERSION = YES;
				CLANG_WARN_OBJC_ROOT_CLASS = YES_ERROR;
				CLANG_WARN_QUOTED_INCLUDE_IN_FRAMEWORK_HEADER = YES;
				CLANG_WARN_RANGE_LOOP_ANALYSIS = YES;
				CLANG_WARN_STRICT_PROTOTYPES = YES;
				CLANG_WARN_SUSPICIOUS_MOVE = YES;
				CLANG_WARN_UNGUARDED_AVAILABILITY = YES_AGGRESSIVE;
				CLANG_WARN_UNREACHABLE_CODE = YES;
				CLANG_WARN__DUPLICATE_METHOD_MATCH = YES;
				COPY_PHASE_STRIP = NO;
				DEBUG_INFORMATION_FORMAT = dwarf;
				ENABLE_STRICT_OBJC_MSGSEND = YES;
				ENABLE_TESTABILITY = YES;
				ENABLE_USER_SCRIPT_SANDBOXING = YES;
				GCC_C_LANGUAGE_STANDARD = gnu17;
				GCC_DYNAMIC_NO_PIC = NO;
				GCC_NO_COMMON_BLOCKS = YES;
				GCC_OPTIMIZATION_LEVEL = 0;
				GCC_PREPROCESSOR_DEFINITIONS = (
					"DEBUG=1",
					"$(inherited)",
				);
				GCC_WARN_64_TO_32_BIT_CONVERSION = YES;
				GCC_WARN_ABOUT_RETURN_TYPE = YES_ERROR;
				GCC_WARN_UNDECLARED_SELECTOR = YES;
				GCC_WARN_UNINITIALIZED_AUTOS = YES_AGGRESSIVE;
				GCC_WARN_UNUSED_FUNCTION = YES;
				GCC_WARN_UNUSED_VARIABLE = YES;
				IPHONEOS_DEPLOYMENT_TARGET = 17.2;
				LOCALIZATION_PREFERS_STRING_CATALOGS = YES;
				MTL_ENABLE_DEBUG_INFO = INCLUDE_SOURCE;
				MTL_FAST_MATH = YES;
				ONLY_ACTIVE_ARCH = YES;
				SDKROOT = iphoneos;
				SWIFT_ACTIVE_COMPILATION_CONDITIONS = "DEBUG $(inherited)";
				SWIFT_OPTIMIZATION_LEVEL = "-Onone";
			};
			name = Debug;
		};
		50142C202BBD050A00791488 /* Release */ = {
			isa = XCBuildConfiguration;
			buildSettings = {
				ALWAYS_SEARCH_USER_PATHS = NO;
				ASSETCATALOG_COMPILER_GENERATE_SWIFT_ASSET_SYMBOL_EXTENSIONS = YES;
				CLANG_ANALYZER_NONNULL = YES;
				CLANG_ANALYZER_NUMBER_OBJECT_CONVERSION = YES_AGGRESSIVE;
				CLANG_CXX_LANGUAGE_STANDARD = "gnu++20";
				CLANG_ENABLE_MODULES = YES;
				CLANG_ENABLE_OBJC_ARC = YES;
				CLANG_ENABLE_OBJC_WEAK = YES;
				CLANG_WARN_BLOCK_CAPTURE_AUTORELEASING = YES;
				CLANG_WARN_BOOL_CONVERSION = YES;
				CLANG_WARN_COMMA = YES;
				CLANG_WARN_CONSTANT_CONVERSION = YES;
				CLANG_WARN_DEPRECATED_OBJC_IMPLEMENTATIONS = YES;
				CLANG_WARN_DIRECT_OBJC_ISA_USAGE = YES_ERROR;
				CLANG_WARN_DOCUMENTATION_COMMENTS = YES;
				CLANG_WARN_EMPTY_BODY = YES;
				CLANG_WARN_ENUM_CONVERSION = YES;
				CLANG_WARN_INFINITE_RECURSION = YES;
				CLANG_WARN_INT_CONVERSION = YES;
				CLANG_WARN_NON_LITERAL_NULL_CONVERSION = YES;
				CLANG_WARN_OBJC_IMPLICIT_RETAIN_SELF = YES;
				CLANG_WARN_OBJC_LITERAL_CONVERSION = YES;
				CLANG_WARN_OBJC_ROOT_CLASS = YES_ERROR;
				CLANG_WARN_QUOTED_INCLUDE_IN_FRAMEWORK_HEADER = YES;
				CLANG_WARN_RANGE_LOOP_ANALYSIS = YES;
				CLANG_WARN_STRICT_PROTOTYPES = YES;
				CLANG_WARN_SUSPICIOUS_MOVE = YES;
				CLANG_WARN_UNGUARDED_AVAILABILITY = YES_AGGRESSIVE;
				CLANG_WARN_UNREACHABLE_CODE = YES;
				CLANG_WARN__DUPLICATE_METHOD_MATCH = YES;
				COPY_PHASE_STRIP = NO;
				DEBUG_INFORMATION_FORMAT = "dwarf-with-dsym";
				ENABLE_NS_ASSERTIONS = NO;
				ENABLE_STRICT_OBJC_MSGSEND = YES;
				ENABLE_USER_SCRIPT_SANDBOXING = YES;
				GCC_C_LANGUAGE_STANDARD = gnu17;
				GCC_NO_COMMON_BLOCKS = YES;
				GCC_WARN_64_TO_32_BIT_CONVERSION = YES;
				GCC_WARN_ABOUT_RETURN_TYPE = YES_ERROR;
				GCC_WARN_UNDECLARED_SELECTOR = YES;
				GCC_WARN_UNINITIALIZED_AUTOS = YES_AGGRESSIVE;
				GCC_WARN_UNUSED_FUNCTION = YES;
				GCC_WARN_UNUSED_VARIABLE = YES;
				IPHONEOS_DEPLOYMENT_TARGET = 17.2;
				LOCALIZATION_PREFERS_STRING_CATALOGS = YES;
				MTL_ENABLE_DEBUG_INFO = NO;
				MTL_FAST_MATH = YES;
				SDKROOT = iphoneos;
				SWIFT_COMPILATION_MODE = wholemodule;
				VALIDATE_PRODUCT = YES;
			};
			name = Release;
		};
		50142C222BBD050A00791488 /* Debug */ = {
			isa = XCBuildConfiguration;
			buildSettings = {
				ASSETCATALOG_COMPILER_APPICON_NAME = AppIcon;
				ASSETCATALOG_COMPILER_GLOBAL_ACCENT_COLOR_NAME = AccentColor;
				CLANG_ENABLE_MODULES = YES;
				CODE_SIGN_STYLE = Automatic;
				CURRENT_PROJECT_VERSION = 1;
				DEVELOPMENT_ASSET_PATHS = "\"Wakie-Talkie/Preview Content\"";
				DEVELOPMENT_TEAM = CT9F24W469;
				ENABLE_PREVIEWS = YES;
				GENERATE_INFOPLIST_FILE = YES;
				INFOPLIST_KEY_NSMicrophoneUsageDescription = "마이크를 사용하여 음성을 녹음합니다";
				INFOPLIST_KEY_UIApplicationSceneManifest_Generation = YES;
				INFOPLIST_KEY_UIApplicationSupportsIndirectInputEvents = YES;
				INFOPLIST_KEY_UILaunchScreen_Generation = YES;
				INFOPLIST_KEY_UISupportedInterfaceOrientations_iPad = "UIInterfaceOrientationPortrait UIInterfaceOrientationPortraitUpsideDown UIInterfaceOrientationLandscapeLeft UIInterfaceOrientationLandscapeRight";
				INFOPLIST_KEY_UISupportedInterfaceOrientations_iPhone = "UIInterfaceOrientationPortrait UIInterfaceOrientationLandscapeLeft UIInterfaceOrientationLandscapeRight";
				LD_RUNPATH_SEARCH_PATHS = (
					"$(inherited)",
					"@executable_path/Frameworks",
				);
				MARKETING_VERSION = 1.0;
				PRODUCT_BUNDLE_IDENTIFIER = "ontheway.Wakie-Talkie";
				PRODUCT_NAME = "$(TARGET_NAME)";
				SWIFT_EMIT_LOC_STRINGS = YES;
				SWIFT_OPTIMIZATION_LEVEL = "-Onone";
				SWIFT_VERSION = 5.0;
				TARGETED_DEVICE_FAMILY = "1,2";
			};
			name = Debug;
		};
		50142C232BBD050A00791488 /* Release */ = {
			isa = XCBuildConfiguration;
			buildSettings = {
				ASSETCATALOG_COMPILER_APPICON_NAME = AppIcon;
				ASSETCATALOG_COMPILER_GLOBAL_ACCENT_COLOR_NAME = AccentColor;
				CLANG_ENABLE_MODULES = YES;
				CODE_SIGN_STYLE = Automatic;
				CURRENT_PROJECT_VERSION = 1;
				DEVELOPMENT_ASSET_PATHS = "\"Wakie-Talkie/Preview Content\"";
				DEVELOPMENT_TEAM = CT9F24W469;
				ENABLE_PREVIEWS = YES;
				GENERATE_INFOPLIST_FILE = YES;
				INFOPLIST_KEY_NSMicrophoneUsageDescription = "마이크를 사용하여 음성을 녹음합니다";
				INFOPLIST_KEY_UIApplicationSceneManifest_Generation = YES;
				INFOPLIST_KEY_UIApplicationSupportsIndirectInputEvents = YES;
				INFOPLIST_KEY_UILaunchScreen_Generation = YES;
				INFOPLIST_KEY_UISupportedInterfaceOrientations_iPad = "UIInterfaceOrientationPortrait UIInterfaceOrientationPortraitUpsideDown UIInterfaceOrientationLandscapeLeft UIInterfaceOrientationLandscapeRight";
				INFOPLIST_KEY_UISupportedInterfaceOrientations_iPhone = "UIInterfaceOrientationPortrait UIInterfaceOrientationLandscapeLeft UIInterfaceOrientationLandscapeRight";
				LD_RUNPATH_SEARCH_PATHS = (
					"$(inherited)",
					"@executable_path/Frameworks",
				);
				MARKETING_VERSION = 1.0;
				PRODUCT_BUNDLE_IDENTIFIER = "ontheway.Wakie-Talkie";
				PRODUCT_NAME = "$(TARGET_NAME)";
				SWIFT_EMIT_LOC_STRINGS = YES;
				SWIFT_VERSION = 5.0;
				TARGETED_DEVICE_FAMILY = "1,2";
			};
			name = Release;
		};
/* End XCBuildConfiguration section */

/* Begin XCConfigurationList section */
		50142C0E2BBD050900791488 /* Build configuration list for PBXProject "Wakie-Talkie" */ = {
			isa = XCConfigurationList;
			buildConfigurations = (
				50142C1F2BBD050A00791488 /* Debug */,
				50142C202BBD050A00791488 /* Release */,
			);
			defaultConfigurationIsVisible = 0;
			defaultConfigurationName = Release;
		};
		50142C212BBD050A00791488 /* Build configuration list for PBXNativeTarget "Wakie-Talkie" */ = {
			isa = XCConfigurationList;
			buildConfigurations = (
				50142C222BBD050A00791488 /* Debug */,
				50142C232BBD050A00791488 /* Release */,
			);
			defaultConfigurationIsVisible = 0;
			defaultConfigurationName = Release;
		};
/* End XCConfigurationList section */
	};
	rootObject = 50142C0B2BBD050900791488 /* Project object */;
}
